// !$*UTF8*$!
{
	archiveVersion = 1;
	classes = {
	};
	objectVersion = 56;
	objects = {

/* Begin PBXBuildFile section */
		C5F5F3792A674993003BB1C4 /* PantryApp.swift in Sources */ = {isa = PBXBuildFile; fileRef = C5F5F3782A674993003BB1C4 /* PantryApp.swift */; };
		C5F5F37B2A674993003BB1C4 /* Persistence.swift in Sources */ = {isa = PBXBuildFile; fileRef = C5F5F37A2A674993003BB1C4 /* Persistence.swift */; };
		C5F5F37E2A674993003BB1C4 /* Pantry.xcdatamodeld in Sources */ = {isa = PBXBuildFile; fileRef = C5F5F37C2A674993003BB1C4 /* Pantry.xcdatamodeld */; };
		C5F5F3802A674993003BB1C4 /* ContentView.swift in Sources */ = {isa = PBXBuildFile; fileRef = C5F5F37F2A674993003BB1C4 /* ContentView.swift */; };
		C5F5F3822A674994003BB1C4 /* Assets.xcassets in Resources */ = {isa = PBXBuildFile; fileRef = C5F5F3812A674994003BB1C4 /* Assets.xcassets */; };
		C5F5F3862A674994003BB1C4 /* Preview Assets.xcassets in Resources */ = {isa = PBXBuildFile; fileRef = C5F5F3852A674994003BB1C4 /* Preview Assets.xcassets */; };
		C5F5F3902A674994003BB1C4 /* PantryTests.swift in Sources */ = {isa = PBXBuildFile; fileRef = C5F5F38F2A674994003BB1C4 /* PantryTests.swift */; };
		C5F5F39A2A674994003BB1C4 /* PantryUITests.swift in Sources */ = {isa = PBXBuildFile; fileRef = C5F5F3992A674994003BB1C4 /* PantryUITests.swift */; };
		C5F5F39C2A674994003BB1C4 /* PantryUITestsLaunchTests.swift in Sources */ = {isa = PBXBuildFile; fileRef = C5F5F39B2A674994003BB1C4 /* PantryUITestsLaunchTests.swift */; };
/* End PBXBuildFile section */

/* Begin PBXContainerItemProxy section */
		C5F5F38C2A674994003BB1C4 /* PBXContainerItemProxy */ = {
			isa = PBXContainerItemProxy;
			containerPortal = C5F5F36D2A674993003BB1C4 /* Project object */;
			proxyType = 1;
			remoteGlobalIDString = C5F5F3742A674993003BB1C4;
			remoteInfo = Pantry;
		};
		C5F5F3962A674994003BB1C4 /* PBXContainerItemProxy */ = {
			isa = PBXContainerItemProxy;
			containerPortal = C5F5F36D2A674993003BB1C4 /* Project object */;
			proxyType = 1;
			remoteGlobalIDString = C5F5F3742A674993003BB1C4;
			remoteInfo = Pantry;
		};
/* End PBXContainerItemProxy section */

/* Begin PBXFileReference section */
		C5F5F3752A674993003BB1C4 /* Pantry.app */ = {isa = PBXFileReference; explicitFileType = wrapper.application; includeInIndex = 0; path = Pantry.app; sourceTree = BUILT_PRODUCTS_DIR; };
		C5F5F3782A674993003BB1C4 /* PantryApp.swift */ = {isa = PBXFileReference; lastKnownFileType = sourcecode.swift; path = PantryApp.swift; sourceTree = "<group>"; };
		C5F5F37A2A674993003BB1C4 /* Persistence.swift */ = {isa = PBXFileReference; lastKnownFileType = sourcecode.swift; path = Persistence.swift; sourceTree = "<group>"; };
		C5F5F37D2A674993003BB1C4 /* Pantry.xcdatamodel */ = {isa = PBXFileReference; lastKnownFileType = wrapper.xcdatamodel; path = Pantry.xcdatamodel; sourceTree = "<group>"; };
		C5F5F37F2A674993003BB1C4 /* ContentView.swift */ = {isa = PBXFileReference; lastKnownFileType = sourcecode.swift; path = ContentView.swift; sourceTree = "<group>"; };
		C5F5F3812A674994003BB1C4 /* Assets.xcassets */ = {isa = PBXFileReference; lastKnownFileType = folder.assetcatalog; path = Assets.xcassets; sourceTree = "<group>"; };
		C5F5F3832A674994003BB1C4 /* Pantry.entitlements */ = {isa = PBXFileReference; lastKnownFileType = text.plist.entitlements; path = Pantry.entitlements; sourceTree = "<group>"; };
		C5F5F3852A674994003BB1C4 /* Preview Assets.xcassets */ = {isa = PBXFileReference; lastKnownFileType = folder.assetcatalog; path = "Preview Assets.xcassets"; sourceTree = "<group>"; };
		C5F5F38B2A674994003BB1C4 /* PantryTests.xctest */ = {isa = PBXFileReference; explicitFileType = wrapper.cfbundle; includeInIndex = 0; path = PantryTests.xctest; sourceTree = BUILT_PRODUCTS_DIR; };
		C5F5F38F2A674994003BB1C4 /* PantryTests.swift */ = {isa = PBXFileReference; lastKnownFileType = sourcecode.swift; path = PantryTests.swift; sourceTree = "<group>"; };
		C5F5F3952A674994003BB1C4 /* PantryUITests.xctest */ = {isa = PBXFileReference; explicitFileType = wrapper.cfbundle; includeInIndex = 0; path = PantryUITests.xctest; sourceTree = BUILT_PRODUCTS_DIR; };
		C5F5F3992A674994003BB1C4 /* PantryUITests.swift */ = {isa = PBXFileReference; lastKnownFileType = sourcecode.swift; path = PantryUITests.swift; sourceTree = "<group>"; };
		C5F5F39B2A674994003BB1C4 /* PantryUITestsLaunchTests.swift */ = {isa = PBXFileReference; lastKnownFileType = sourcecode.swift; path = PantryUITestsLaunchTests.swift; sourceTree = "<group>"; };
/* End PBXFileReference section */

/* Begin PBXFrameworksBuildPhase section */
		C5F5F3722A674993003BB1C4 /* Frameworks */ = {
			isa = PBXFrameworksBuildPhase;
			buildActionMask = 2147483647;
			files = (
			);
			runOnlyForDeploymentPostprocessing = 0;
		};
		C5F5F3882A674994003BB1C4 /* Frameworks */ = {
			isa = PBXFrameworksBuildPhase;
			buildActionMask = 2147483647;
			files = (
			);
			runOnlyForDeploymentPostprocessing = 0;
		};
		C5F5F3922A674994003BB1C4 /* Frameworks */ = {
			isa = PBXFrameworksBuildPhase;
			buildActionMask = 2147483647;
			files = (
			);
			runOnlyForDeploymentPostprocessing = 0;
		};
/* End PBXFrameworksBuildPhase section */

/* Begin PBXGroup section */
		C5F5F36C2A674993003BB1C4 = {
			isa = PBXGroup;
			children = (
				C5F5F3772A674993003BB1C4 /* Pantry */,
				C5F5F38E2A674994003BB1C4 /* PantryTests */,
				C5F5F3982A674994003BB1C4 /* PantryUITests */,
				C5F5F3762A674993003BB1C4 /* Products */,
			);
			sourceTree = "<group>";
		};
		C5F5F3762A674993003BB1C4 /* Products */ = {
			isa = PBXGroup;
			children = (
				C5F5F3752A674993003BB1C4 /* Pantry.app */,
				C5F5F38B2A674994003BB1C4 /* PantryTests.xctest */,
				C5F5F3952A674994003BB1C4 /* PantryUITests.xctest */,
			);
			name = Products;
			sourceTree = "<group>";
		};
		C5F5F3772A674993003BB1C4 /* Pantry */ = {
			isa = PBXGroup;
			children = (
				C5F5F3782A674993003BB1C4 /* PantryApp.swift */,
				C5F5F37A2A674993003BB1C4 /* Persistence.swift */,
				C5F5F37F2A674993003BB1C4 /* ContentView.swift */,
				C5F5F3812A674994003BB1C4 /* Assets.xcassets */,
				C5F5F3832A674994003BB1C4 /* Pantry.entitlements */,
				C5F5F37C2A674993003BB1C4 /* Pantry.xcdatamodeld */,
				C5F5F3842A674994003BB1C4 /* Preview Content */,
			);
			path = Pantry;
			sourceTree = "<group>";
		};
		C5F5F3842A674994003BB1C4 /* Preview Content */ = {
			isa = PBXGroup;
			children = (
				C5F5F3852A674994003BB1C4 /* Preview Assets.xcassets */,
			);
			path = "Preview Content";
			sourceTree = "<group>";
		};
		C5F5F38E2A674994003BB1C4 /* PantryTests */ = {
			isa = PBXGroup;
			children = (
				C5F5F38F2A674994003BB1C4 /* PantryTests.swift */,
			);
			path = PantryTests;
			sourceTree = "<group>";
		};
		C5F5F3982A674994003BB1C4 /* PantryUITests */ = {
			isa = PBXGroup;
			children = (
				C5F5F3992A674994003BB1C4 /* PantryUITests.swift */,
				C5F5F39B2A674994003BB1C4 /* PantryUITestsLaunchTests.swift */,
			);
			path = PantryUITests;
			sourceTree = "<group>";
		};
/* End PBXGroup section */

/* Begin PBXNativeTarget section */
		C5F5F3742A674993003BB1C4 /* Pantry */ = {
			isa = PBXNativeTarget;
			buildConfigurationList = C5F5F39F2A674994003BB1C4 /* Build configuration list for PBXNativeTarget "Pantry" */;
			buildPhases = (
				C5F5F3712A674993003BB1C4 /* Sources */,
				C5F5F3722A674993003BB1C4 /* Frameworks */,
				C5F5F3732A674993003BB1C4 /* Resources */,
			);
			buildRules = (
			);
			dependencies = (
			);
			name = Pantry;
			productName = Pantry;
			productReference = C5F5F3752A674993003BB1C4 /* Pantry.app */;
			productType = "com.apple.product-type.application";
		};
		C5F5F38A2A674994003BB1C4 /* PantryTests */ = {
			isa = PBXNativeTarget;
			buildConfigurationList = C5F5F3A22A674994003BB1C4 /* Build configuration list for PBXNativeTarget "PantryTests" */;
			buildPhases = (
				C5F5F3872A674994003BB1C4 /* Sources */,
				C5F5F3882A674994003BB1C4 /* Frameworks */,
				C5F5F3892A674994003BB1C4 /* Resources */,
			);
			buildRules = (
			);
			dependencies = (
				C5F5F38D2A674994003BB1C4 /* PBXTargetDependency */,
			);
			name = PantryTests;
			productName = PantryTests;
			productReference = C5F5F38B2A674994003BB1C4 /* PantryTests.xctest */;
			productType = "com.apple.product-type.bundle.unit-test";
		};
		C5F5F3942A674994003BB1C4 /* PantryUITests */ = {
			isa = PBXNativeTarget;
			buildConfigurationList = C5F5F3A52A674994003BB1C4 /* Build configuration list for PBXNativeTarget "PantryUITests" */;
			buildPhases = (
				C5F5F3912A674994003BB1C4 /* Sources */,
				C5F5F3922A674994003BB1C4 /* Frameworks */,
				C5F5F3932A674994003BB1C4 /* Resources */,
			);
			buildRules = (
			);
			dependencies = (
				C5F5F3972A674994003BB1C4 /* PBXTargetDependency */,
			);
			name = PantryUITests;
			productName = PantryUITests;
			productReference = C5F5F3952A674994003BB1C4 /* PantryUITests.xctest */;
			productType = "com.apple.product-type.bundle.ui-testing";
		};
/* End PBXNativeTarget section */

/* Begin PBXProject section */
		C5F5F36D2A674993003BB1C4 /* Project object */ = {
			isa = PBXProject;
			attributes = {
				BuildIndependentTargetsInParallel = 1;
				LastSwiftUpdateCheck = 1430;
				LastUpgradeCheck = 1430;
				TargetAttributes = {
					C5F5F3742A674993003BB1C4 = {
						CreatedOnToolsVersion = 14.3.1;
					};
					C5F5F38A2A674994003BB1C4 = {
						CreatedOnToolsVersion = 14.3.1;
						TestTargetID = C5F5F3742A674993003BB1C4;
					};
					C5F5F3942A674994003BB1C4 = {
						CreatedOnToolsVersion = 14.3.1;
						TestTargetID = C5F5F3742A674993003BB1C4;
					};
				};
			};
			buildConfigurationList = C5F5F3702A674993003BB1C4 /* Build configuration list for PBXProject "Pantry" */;
			compatibilityVersion = "Xcode 14.0";
			developmentRegion = en;
			hasScannedForEncodings = 0;
			knownRegions = (
				en,
				Base,
			);
			mainGroup = C5F5F36C2A674993003BB1C4;
			productRefGroup = C5F5F3762A674993003BB1C4 /* Products */;
			projectDirPath = "";
			projectRoot = "";
			targets = (
				C5F5F3742A674993003BB1C4 /* Pantry */,
				C5F5F38A2A674994003BB1C4 /* PantryTests */,
				C5F5F3942A674994003BB1C4 /* PantryUITests */,
			);
		};
/* End PBXProject section */

/* Begin PBXResourcesBuildPhase section */
		C5F5F3732A674993003BB1C4 /* Resources */ = {
			isa = PBXResourcesBuildPhase;
			buildActionMask = 2147483647;
			files = (
				C5F5F3862A674994003BB1C4 /* Preview Assets.xcassets in Resources */,
				C5F5F3822A674994003BB1C4 /* Assets.xcassets in Resources */,
			);
			runOnlyForDeploymentPostprocessing = 0;
		};
		C5F5F3892A674994003BB1C4 /* Resources */ = {
			isa = PBXResourcesBuildPhase;
			buildActionMask = 2147483647;
			files = (
			);
			runOnlyForDeploymentPostprocessing = 0;
		};
		C5F5F3932A674994003BB1C4 /* Resources */ = {
			isa = PBXResourcesBuildPhase;
			buildActionMask = 2147483647;
			files = (
			);
			runOnlyForDeploymentPostprocessing = 0;
		};
/* End PBXResourcesBuildPhase section */

/* Begin PBXSourcesBuildPhase section */
		C5F5F3712A674993003BB1C4 /* Sources */ = {
			isa = PBXSourcesBuildPhase;
			buildActionMask = 2147483647;
			files = (
				C5F5F3792A674993003BB1C4 /* PantryApp.swift in Sources */,
				C5F5F37E2A674993003BB1C4 /* Pantry.xcdatamodeld in Sources */,
				C5F5F3802A674993003BB1C4 /* ContentView.swift in Sources */,
				C5F5F37B2A674993003BB1C4 /* Persistence.swift in Sources */,
			);
			runOnlyForDeploymentPostprocessing = 0;
		};
		C5F5F3872A674994003BB1C4 /* Sources */ = {
			isa = PBXSourcesBuildPhase;
			buildActionMask = 2147483647;
			files = (
				C5F5F3902A674994003BB1C4 /* PantryTests.swift in Sources */,
			);
			runOnlyForDeploymentPostprocessing = 0;
		};
		C5F5F3912A674994003BB1C4 /* Sources */ = {
			isa = PBXSourcesBuildPhase;
			buildActionMask = 2147483647;
			files = (
				C5F5F39C2A674994003BB1C4 /* PantryUITestsLaunchTests.swift in Sources */,
				C5F5F39A2A674994003BB1C4 /* PantryUITests.swift in Sources */,
			);
			runOnlyForDeploymentPostprocessing = 0;
		};
/* End PBXSourcesBuildPhase section */

/* Begin PBXTargetDependency section */
		C5F5F38D2A674994003BB1C4 /* PBXTargetDependency */ = {
			isa = PBXTargetDependency;
			target = C5F5F3742A674993003BB1C4 /* Pantry */;
			targetProxy = C5F5F38C2A674994003BB1C4 /* PBXContainerItemProxy */;
		};
		C5F5F3972A674994003BB1C4 /* PBXTargetDependency */ = {
			isa = PBXTargetDependency;
			target = C5F5F3742A674993003BB1C4 /* Pantry */;
			targetProxy = C5F5F3962A674994003BB1C4 /* PBXContainerItemProxy */;
		};
/* End PBXTargetDependency section */

/* Begin XCBuildConfiguration section */
		C5F5F39D2A674994003BB1C4 /* Debug */ = {
			isa = XCBuildConfiguration;
			buildSettings = {
				ALWAYS_SEARCH_USER_PATHS = NO;
				CLANG_ANALYZER_NONNULL = YES;
				CLANG_ANALYZER_NUMBER_OBJECT_CONVERSION = YES_AGGRESSIVE;
				CLANG_CXX_LANGUAGE_STANDARD = "gnu++20";
				CLANG_ENABLE_MODULES = YES;
				CLANG_ENABLE_OBJC_ARC = YES;
				CLANG_ENABLE_OBJC_WEAK = YES;
				CLANG_WARN_BLOCK_CAPTURE_AUTORELEASING = YES;
				CLANG_WARN_BOOL_CONVERSION = YES;
				CLANG_WARN_COMMA = YES;
				CLANG_WARN_CONSTANT_CONVERSION = YES;
				CLANG_WARN_DEPRECATED_OBJC_IMPLEMENTATIONS = YES;
				CLANG_WARN_DIRECT_OBJC_ISA_USAGE = YES_ERROR;
				CLANG_WARN_DOCUMENTATION_COMMENTS = YES;
				CLANG_WARN_EMPTY_BODY = YES;
				CLANG_WARN_ENUM_CONVERSION = YES;
				CLANG_WARN_INFINITE_RECURSION = YES;
				CLANG_WARN_INT_CONVERSION = YES;
				CLANG_WARN_NON_LITERAL_NULL_CONVERSION = YES;
				CLANG_WARN_OBJC_IMPLICIT_RETAIN_SELF = YES;
				CLANG_WARN_OBJC_LITERAL_CONVERSION = YES;
				CLANG_WARN_OBJC_ROOT_CLASS = YES_ERROR;
				CLANG_WARN_QUOTED_INCLUDE_IN_FRAMEWORK_HEADER = YES;
				CLANG_WARN_RANGE_LOOP_ANALYSIS = YES;
				CLANG_WARN_STRICT_PROTOTYPES = YES;
				CLANG_WARN_SUSPICIOUS_MOVE = YES;
				CLANG_WARN_UNGUARDED_AVAILABILITY = YES_AGGRESSIVE;
				CLANG_WARN_UNREACHABLE_CODE = YES;
				CLANG_WARN__DUPLICATE_METHOD_MATCH = YES;
				COPY_PHASE_STRIP = NO;
				DEBUG_INFORMATION_FORMAT = dwarf;
				ENABLE_STRICT_OBJC_MSGSEND = YES;
				ENABLE_TESTABILITY = YES;
				GCC_C_LANGUAGE_STANDARD = gnu11;
				GCC_DYNAMIC_NO_PIC = NO;
				GCC_NO_COMMON_BLOCKS = YES;
				GCC_OPTIMIZATION_LEVEL = 0;
				GCC_PREPROCESSOR_DEFINITIONS = (
					"DEBUG=1",
					"$(inherited)",
				);
				GCC_WARN_64_TO_32_BIT_CONVERSION = YES;
				GCC_WARN_ABOUT_RETURN_TYPE = YES_ERROR;
				GCC_WARN_UNDECLARED_SELECTOR = YES;
				GCC_WARN_UNINITIALIZED_AUTOS = YES_AGGRESSIVE;
				GCC_WARN_UNUSED_FUNCTION = YES;
				GCC_WARN_UNUSED_VARIABLE = YES;
				MTL_ENABLE_DEBUG_INFO = INCLUDE_SOURCE;
				MTL_FAST_MATH = YES;
				ONLY_ACTIVE_ARCH = YES;
				SWIFT_ACTIVE_COMPILATION_CONDITIONS = DEBUG;
				SWIFT_OPTIMIZATION_LEVEL = "-Onone";
			};
			name = Debug;
		};
		C5F5F39E2A674994003BB1C4 /* Release */ = {
			isa = XCBuildConfiguration;
			buildSettings = {
				ALWAYS_SEARCH_USER_PATHS = NO;
				CLANG_ANALYZER_NONNULL = YES;
				CLANG_ANALYZER_NUMBER_OBJECT_CONVERSION = YES_AGGRESSIVE;
				CLANG_CXX_LANGUAGE_STANDARD = "gnu++20";
				CLANG_ENABLE_MODULES = YES;
				CLANG_ENABLE_OBJC_ARC = YES;
				CLANG_ENABLE_OBJC_WEAK = YES;
				CLANG_WARN_BLOCK_CAPTURE_AUTORELEASING = YES;
				CLANG_WARN_BOOL_CONVERSION = YES;
				CLANG_WARN_COMMA = YES;
				CLANG_WARN_CONSTANT_CONVERSION = YES;
				CLANG_WARN_DEPRECATED_OBJC_IMPLEMENTATIONS = YES;
				CLANG_WARN_DIRECT_OBJC_ISA_USAGE = YES_ERROR;
				CLANG_WARN_DOCUMENTATION_COMMENTS = YES;
				CLANG_WARN_EMPTY_BODY = YES;
				CLANG_WARN_ENUM_CONVERSION = YES;
				CLANG_WARN_INFINITE_RECURSION = YES;
				CLANG_WARN_INT_CONVERSION = YES;
				CLANG_WARN_NON_LITERAL_NULL_CONVERSION = YES;
				CLANG_WARN_OBJC_IMPLICIT_RETAIN_SELF = YES;
				CLANG_WARN_OBJC_LITERAL_CONVERSION = YES;
				CLANG_WARN_OBJC_ROOT_CLASS = YES_ERROR;
				CLANG_WARN_QUOTED_INCLUDE_IN_FRAMEWORK_HEADER = YES;
				CLANG_WARN_RANGE_LOOP_ANALYSIS = YES;
				CLANG_WARN_STRICT_PROTOTYPES = YES;
				CLANG_WARN_SUSPICIOUS_MOVE = YES;
				CLANG_WARN_UNGUARDED_AVAILABILITY = YES_AGGRESSIVE;
				CLANG_WARN_UNREACHABLE_CODE = YES;
				CLANG_WARN__DUPLICATE_METHOD_MATCH = YES;
				COPY_PHASE_STRIP = NO;
				DEBUG_INFORMATION_FORMAT = "dwarf-with-dsym";
				ENABLE_NS_ASSERTIONS = NO;
				ENABLE_STRICT_OBJC_MSGSEND = YES;
				GCC_C_LANGUAGE_STANDARD = gnu11;
				GCC_NO_COMMON_BLOCKS = YES;
				GCC_WARN_64_TO_32_BIT_CONVERSION = YES;
				GCC_WARN_ABOUT_RETURN_TYPE = YES_ERROR;
				GCC_WARN_UNDECLARED_SELECTOR = YES;
				GCC_WARN_UNINITIALIZED_AUTOS = YES_AGGRESSIVE;
				GCC_WARN_UNUSED_FUNCTION = YES;
				GCC_WARN_UNUSED_VARIABLE = YES;
				MTL_ENABLE_DEBUG_INFO = NO;
				MTL_FAST_MATH = YES;
				SWIFT_COMPILATION_MODE = wholemodule;
				SWIFT_OPTIMIZATION_LEVEL = "-O";
			};
			name = Release;
		};
		C5F5F3A02A674994003BB1C4 /* Debug */ = {
			isa = XCBuildConfiguration;
			buildSettings = {
				ASSETCATALOG_COMPILER_APPICON_NAME = AppIcon;
				ASSETCATALOG_COMPILER_GLOBAL_ACCENT_COLOR_NAME = AccentColor;
				CODE_SIGN_ENTITLEMENTS = Pantry/Pantry.entitlements;
				CODE_SIGN_STYLE = Automatic;
				CURRENT_PROJECT_VERSION = 1;
				DEVELOPMENT_ASSET_PATHS = "\"Pantry/Preview Content\"";
				ENABLE_PREVIEWS = YES;
				GENERATE_INFOPLIST_FILE = YES;
				"INFOPLIST_KEY_UIApplicationSceneManifest_Generation[sdk=iphoneos*]" = YES;
				"INFOPLIST_KEY_UIApplicationSceneManifest_Generation[sdk=iphonesimulator*]" = YES;
				"INFOPLIST_KEY_UIApplicationSupportsIndirectInputEvents[sdk=iphoneos*]" = YES;
				"INFOPLIST_KEY_UIApplicationSupportsIndirectInputEvents[sdk=iphonesimulator*]" = YES;
				"INFOPLIST_KEY_UILaunchScreen_Generation[sdk=iphoneos*]" = YES;
				"INFOPLIST_KEY_UILaunchScreen_Generation[sdk=iphonesimulator*]" = YES;
				"INFOPLIST_KEY_UIStatusBarStyle[sdk=iphoneos*]" = UIStatusBarStyleDefault;
				"INFOPLIST_KEY_UIStatusBarStyle[sdk=iphonesimulator*]" = UIStatusBarStyleDefault;
				INFOPLIST_KEY_UISupportedInterfaceOrientations_iPad = "UIInterfaceOrientationPortrait UIInterfaceOrientationPortraitUpsideDown UIInterfaceOrientationLandscapeLeft UIInterfaceOrientationLandscapeRight";
				INFOPLIST_KEY_UISupportedInterfaceOrientations_iPhone = "UIInterfaceOrientationPortrait UIInterfaceOrientationLandscapeLeft UIInterfaceOrientationLandscapeRight";
				IPHONEOS_DEPLOYMENT_TARGET = 16.4;
				LD_RUNPATH_SEARCH_PATHS = "@executable_path/Frameworks";
				"LD_RUNPATH_SEARCH_PATHS[sdk=macosx*]" = "@executable_path/../Frameworks";
				MACOSX_DEPLOYMENT_TARGET = 13.3;
				MARKETING_VERSION = 1.0;
				PRODUCT_BUNDLE_IDENTIFIER = com.LearningSource.Pantry;
				PRODUCT_NAME = "$(TARGET_NAME)";
				SDKROOT = auto;
				SUPPORTED_PLATFORMS = "iphoneos iphonesimulator macosx";
				SWIFT_EMIT_LOC_STRINGS = YES;
				SWIFT_VERSION = 5.0;
				TARGETED_DEVICE_FAMILY = "1,2";
			};
			name = Debug;
		};
		C5F5F3A12A674994003BB1C4 /* Release */ = {
			isa = XCBuildConfiguration;
			buildSettings = {
				ASSETCATALOG_COMPILER_APPICON_NAME = AppIcon;
				ASSETCATALOG_COMPILER_GLOBAL_ACCENT_COLOR_NAME = AccentColor;
				CODE_SIGN_ENTITLEMENTS = Pantry/Pantry.entitlements;
				CODE_SIGN_STYLE = Automatic;
				CURRENT_PROJECT_VERSION = 1;
				DEVELOPMENT_ASSET_PATHS = "\"Pantry/Preview Content\"";
				ENABLE_PREVIEWS = YES;
				GENERATE_INFOPLIST_FILE = YES;
				"INFOPLIST_KEY_UIApplicationSceneManifest_Generation[sdk=iphoneos*]" = YES;
				"INFOPLIST_KEY_UIApplicationSceneManifest_Generation[sdk=iphonesimulator*]" = YES;
				"INFOPLIST_KEY_UIApplicationSupportsIndirectInputEvents[sdk=iphoneos*]" = YES;
				"INFOPLIST_KEY_UIApplicationSupportsIndirectInputEvents[sdk=iphonesimulator*]" = YES;
				"INFOPLIST_KEY_UILaunchScreen_Generation[sdk=iphoneos*]" = YES;
				"INFOPLIST_KEY_UILaunchScreen_Generation[sdk=iphonesimulator*]" = YES;
				"INFOPLIST_KEY_UIStatusBarStyle[sdk=iphoneos*]" = UIStatusBarStyleDefault;
				"INFOPLIST_KEY_UIStatusBarStyle[sdk=iphonesimulator*]" = UIStatusBarStyleDefault;
				INFOPLIST_KEY_UISupportedInterfaceOrientations_iPad = "UIInterfaceOrientationPortrait UIInterfaceOrientationPortraitUpsideDown UIInterfaceOrientationLandscapeLeft UIInterfaceOrientationLandscapeRight";
				INFOPLIST_KEY_UISupportedInterfaceOrientations_iPhone = "UIInterfaceOrientationPortrait UIInterfaceOrientationLandscapeLeft UIInterfaceOrientationLandscapeRight";
				IPHONEOS_DEPLOYMENT_TARGET = 16.4;
				LD_RUNPATH_SEARCH_PATHS = "@executable_path/Frameworks";
				"LD_RUNPATH_SEARCH_PATHS[sdk=macosx*]" = "@executable_path/../Frameworks";
				MACOSX_DEPLOYMENT_TARGET = 13.3;
				MARKETING_VERSION = 1.0;
				PRODUCT_BUNDLE_IDENTIFIER = com.LearningSource.Pantry;
				PRODUCT_NAME = "$(TARGET_NAME)";
				SDKROOT = auto;
				SUPPORTED_PLATFORMS = "iphoneos iphonesimulator macosx";
				SWIFT_EMIT_LOC_STRINGS = YES;
				SWIFT_VERSION = 5.0;
				TARGETED_DEVICE_FAMILY = "1,2";
			};
			name = Release;
		};
		C5F5F3A32A674994003BB1C4 /* Debug */ = {
			isa = XCBuildConfiguration;
			buildSettings = {
				ALWAYS_EMBED_SWIFT_STANDARD_LIBRARIES = YES;
				BUNDLE_LOADER = "$(TEST_HOST)";
				CODE_SIGN_STYLE = Automatic;
				CURRENT_PROJECT_VERSION = 1;
				GENERATE_INFOPLIST_FILE = YES;
				IPHONEOS_DEPLOYMENT_TARGET = 16.4;
				MACOSX_DEPLOYMENT_TARGET = 13.3;
				MARKETING_VERSION = 1.0;
				PRODUCT_BUNDLE_IDENTIFIER = com.LearningSource.PantryTests;
				PRODUCT_NAME = "$(TARGET_NAME)";
				SDKROOT = auto;
				SUPPORTED_PLATFORMS = "iphoneos iphonesimulator macosx";
				SWIFT_EMIT_LOC_STRINGS = NO;
				SWIFT_VERSION = 5.0;
				TARGETED_DEVICE_FAMILY = "1,2";
				TEST_HOST = "$(BUILT_PRODUCTS_DIR)/Pantry.app/$(BUNDLE_EXECUTABLE_FOLDER_PATH)/Pantry";
			};
			name = Debug;
		};
		C5F5F3A42A674994003BB1C4 /* Release */ = {
			isa = XCBuildConfiguration;
			buildSettings = {
				ALWAYS_EMBED_SWIFT_STANDARD_LIBRARIES = YES;
				BUNDLE_LOADER = "$(TEST_HOST)";
				CODE_SIGN_STYLE = Automatic;
				CURRENT_PROJECT_VERSION = 1;
				GENERATE_INFOPLIST_FILE = YES;
				IPHONEOS_DEPLOYMENT_TARGET = 16.4;
				MACOSX_DEPLOYMENT_TARGET = 13.3;
				MARKETING_VERSION = 1.0;
				PRODUCT_BUNDLE_IDENTIFIER = com.LearningSource.PantryTests;
				PRODUCT_NAME = "$(TARGET_NAME)";
				SDKROOT = auto;
				SUPPORTED_PLATFORMS = "iphoneos iphonesimulator macosx";
				SWIFT_EMIT_LOC_STRINGS = NO;
				SWIFT_VERSION = 5.0;
				TARGETED_DEVICE_FAMILY = "1,2";
				TEST_HOST = "$(BUILT_PRODUCTS_DIR)/Pantry.app/$(BUNDLE_EXECUTABLE_FOLDER_PATH)/Pantry";
			};
			name = Release;
		};
		C5F5F3A62A674994003BB1C4 /* Debug */ = {
			isa = XCBuildConfiguration;
			buildSettings = {
				ALWAYS_EMBED_SWIFT_STANDARD_LIBRARIES = YES;
				CODE_SIGN_STYLE = Automatic;
				CURRENT_PROJECT_VERSION = 1;
				GENERATE_INFOPLIST_FILE = YES;
				IPHONEOS_DEPLOYMENT_TARGET = 16.4;
				MACOSX_DEPLOYMENT_TARGET = 13.3;
				MARKETING_VERSION = 1.0;
				PRODUCT_BUNDLE_IDENTIFIER = com.LearningSource.PantryUITests;
				PRODUCT_NAME = "$(TARGET_NAME)";
				SDKROOT = auto;
				SUPPORTED_PLATFORMS = "iphoneos iphonesimulator macosx";
				SWIFT_EMIT_LOC_STRINGS = NO;
				SWIFT_VERSION = 5.0;
				TARGETED_DEVICE_FAMILY = "1,2";
				TEST_TARGET_NAME = Pantry;
			};
			name = Debug;
		};
		C5F5F3A72A674994003BB1C4 /* Release */ = {
			isa = XCBuildConfiguration;
			buildSettings = {
				ALWAYS_EMBED_SWIFT_STANDARD_LIBRARIES = YES;
				CODE_SIGN_STYLE = Automatic;
				CURRENT_PROJECT_VERSION = 1;
				GENERATE_INFOPLIST_FILE = YES;
				IPHONEOS_DEPLOYMENT_TARGET = 16.4;
				MACOSX_DEPLOYMENT_TARGET = 13.3;
				MARKETING_VERSION = 1.0;
				PRODUCT_BUNDLE_IDENTIFIER = com.LearningSource.PantryUITests;
				PRODUCT_NAME = "$(TARGET_NAME)";
				SDKROOT = auto;
				SUPPORTED_PLATFORMS = "iphoneos iphonesimulator macosx";
				SWIFT_EMIT_LOC_STRINGS = NO;
				SWIFT_VERSION = 5.0;
				TARGETED_DEVICE_FAMILY = "1,2";
				TEST_TARGET_NAME = Pantry;
			};
			name = Release;
		};
/* End XCBuildConfiguration section */

/* Begin XCConfigurationList section */
		C5F5F3702A674993003BB1C4 /* Build configuration list for PBXProject "Pantry" */ = {
			isa = XCConfigurationList;
			buildConfigurations = (
				C5F5F39D2A674994003BB1C4 /* Debug */,
				C5F5F39E2A674994003BB1C4 /* Release */,
			);
			defaultConfigurationIsVisible = 0;
			defaultConfigurationName = Release;
		};
		C5F5F39F2A674994003BB1C4 /* Build configuration list for PBXNativeTarget "Pantry" */ = {
			isa = XCConfigurationList;
			buildConfigurations = (
				C5F5F3A02A674994003BB1C4 /* Debug */,
				C5F5F3A12A674994003BB1C4 /* Release */,
			);
			defaultConfigurationIsVisible = 0;
			defaultConfigurationName = Release;
		};
		C5F5F3A22A674994003BB1C4 /* Build configuration list for PBXNativeTarget "PantryTests" */ = {
			isa = XCConfigurationList;
			buildConfigurations = (
				C5F5F3A32A674994003BB1C4 /* Debug */,
				C5F5F3A42A674994003BB1C4 /* Release */,
			);
			defaultConfigurationIsVisible = 0;
			defaultConfigurationName = Release;
		};
		C5F5F3A52A674994003BB1C4 /* Build configuration list for PBXNativeTarget "PantryUITests" */ = {
			isa = XCConfigurationList;
			buildConfigurations = (
				C5F5F3A62A674994003BB1C4 /* Debug */,
				C5F5F3A72A674994003BB1C4 /* Release */,
			);
			defaultConfigurationIsVisible = 0;
			defaultConfigurationName = Release;
		};
/* End XCConfigurationList section */

/* Begin XCVersionGroup section */
		C5F5F37C2A674993003BB1C4 /* Pantry.xcdatamodeld */ = {
			isa = XCVersionGroup;
			children = (
				C5F5F37D2A674993003BB1C4 /* Pantry.xcdatamodel */,
			);
			currentVersion = C5F5F37D2A674993003BB1C4 /* Pantry.xcdatamodel */;
			path = Pantry.xcdatamodeld;
			sourceTree = "<group>";
			versionGroupType = wrapper.xcdatamodel;
		};
/* End XCVersionGroup section */
	};
	rootObject = C5F5F36D2A674993003BB1C4 /* Project object */;
}
